{
  "name": "discord-community-bot",
  "version": "1.0.0",
  "lockfileVersion": 3,
  "requires": true,
  "packages": {
    "": {
      "name": "discord-community-bot",
      "version": "1.0.0",
      "dependencies": {
        "discord.js": "^14.14.1"
      },
      "engines": {
        "node": ">=16.9.0"
      }
    },
    "node_modules/discord.js": {
      "version": "14.14.1",
      "resolved": "https://registry.npmjs.org/discord.js/-/discord.js-14.14.1.tgz",
      "integrity": "sha512-/hUVzkIerxKHyHAYJJTEJkGQVwuOCJkBkNSNJqx1nZpNQ6+7lUTL6zEeD4avbJeOt9jLm7T9kDxvQbhXn2v7AQ=="
    }
  }
}
