{
  "name": "discord-community-bot",
  "version": "1.0.0",
  "lockfileVersion": 3,
  "requires": true,
  "packages": {
    "": {
      "name": "discord-community-bot",
      "version": "1.0.0",
      "dependencies": {
        "discord.js": "^14.14.1"
      },
      "engines": {
        "node": ">=16.9.0"
      }
    },
    "node_modules/discord.js": {
      "version": "14.14.1",
      "resolved": "https://registry.npmjs.org/discord.js/-/discord.js-14.14.1.tgz",
      "integrity": "sha512-/hUVzkIerxKHyHAYJJTEJkGQVwuOCJkBkNSNJqx1nZpNQ6+7lUTL6zEeD4avbJeOt9jLm7T9kDxvQbhXn2v7AQ==",
      "dependencies": {
        "@sapphire/snowflake": "^3.5.1",
        "@discordjs/api-types": "^0.37.61",
        "@discordjs/collection": "^1.5.3",
        "@discordjs/formatters": "^0.3.3",
        "@discordjs/rest": "^2.1.0",
        "@discordjs/util": "^1.0.2",
        "@discordjs/ws": "^1.0.2",
        "discord-api-types": "^0.37.61",
        "fast-deep-equal": "^3.1.3",
        "lodash.snakecase": "^4.1.1",
        "tslib": "^2.6.1",
        "undici": "^5.22.1",
        "ws": "^8.14.2"
      },
      "engines": {
        "node": ">=16.11.0"
      }
    }
  }
}