{
  "name": "discord-community-bot",
  "version": "1.0.0",
  "lockfileVersion": 2,
  "requires": true,
  "packages": {
    "": {
      "name": "discord-community-bot",
      "version": "1.0.0",
      "dependencies": {
        "discord.js": "12.5.3",
        "fs": "0.0.1-security",
        "path": "0.12.7"
      },
      "engines": {
        "node": "16.x"
      }
    },
    "node_modules/discord.js": {
      "version": "12.5.3",
      "resolved": "https://registry.npmjs.org/discord.js/-/discord.js-12.5.3.tgz",
      "integrity": "sha512-D3nkOa/pCkNyn6jLZnAiJApw2N9XrIsXUAdThf01i7yrEuqUmDGc7/CexVWwEcgbQR97XQ+mcnqJpmJ/92B4Aw=="
    },
    "node_modules/fs": {
      "version": "0.0.1-security",
      "resolved": "https://registry.npmjs.org/fs/-/fs-0.0.1-security.tgz",
      "integrity": "sha512-3XY9e1pP0CVEUCdj5BmfIZxRta4jNDsa98fYcVV4ltVbmO5cNvzQH7RC3wDigN3JVrKeYz8U2LJV0grYIT+KpQ=="
    },
    "node_modules/path": {
      "version": "0.12.7",
      "resolved": "https://registry.npmjs.org/path/-/path-0.12.7.tgz",
      "integrity": "sha512-aXXC6s+1w7otVF9UletFkFcirO3uX5/QfMmYoiwrKuXt5l3iA6xLOiXIEzl57ULrDsFPutbP5qjuL8vvR6N+Gw=="
    }
  }
}
